
Microsoft Visual Studio Solution File, Format Version 12.00
# Visual Studio Version 17
VisualStudioVersion = 17.14.36414.22 d17.14
MinimumVisualStudioVersion = 10.0.40219.1
Project("{2150E333-8FDC-42A3-9474-1A3956D46DE8}") = "Solution Items", "Solution Items", "{8EC462FD-D22E-90A8-E5CE-7E832BA40C5D}"
	ProjectSection(SolutionItems) = preProject
		.gitignore = .gitignore
		ReadMe.md = ReadMe.md
	EndProjectSection
EndProject
Project("{FAE04EC0-301F-11D3-BF4B-00C04F79EFBC}") = "MinibusTracker.Presentation", "MinibusTracker.Presentation\MinibusTracker.Presentation.csproj", "{A83922B4-5A03-4D1A-AB7F-1097463CB01B}"
EndProject
Project("{FAE04EC0-301F-11D3-BF4B-00C04F79EFBC}") = "MinibusTracker.Domain", "MinibusTracker.Domain\MinibusTracker.Domain.csproj", "{1E725AB0-7ED7-4C7B-996E-F888CCF91255}"
EndProject
Project("{FAE04EC0-301F-11D3-BF4B-00C04F79EFBC}") = "MinibusTracker.Infrastructure", "MinibusTracker.Infrastructure\MinibusTracker.Infrastructure.csproj", "{D8B4E052-98DB-403C-A552-A3AE1D5306EA}"
EndProject
Project("{FAE04EC0-301F-11D3-BF4B-00C04F79EFBC}") = "MinibusTracker.Application", "MinibusTracker.Application\MinibusTracker.Application.csproj", "{5DE6AA24-868C-4D4C-A450-738A1F9C4B48}"
EndProject
Global
	GlobalSection(SolutionConfigurationPlatforms) = preSolution
		Debug|Any CPU = Debug|Any CPU
		Release|Any CPU = Release|Any CPU
	EndGlobalSection
	GlobalSection(ProjectConfigurationPlatforms) = postSolution
		{A83922B4-5A03-4D1A-AB7F-1097463CB01B}.Debug|Any CPU.ActiveCfg = Debug|Any CPU
		{A83922B4-5A03-4D1A-AB7F-1097463CB01B}.Debug|Any CPU.Build.0 = Debug|Any CPU
		{A83922B4-5A03-4D1A-AB7F-1097463CB01B}.Release|Any CPU.ActiveCfg = Release|Any CPU
		{A83922B4-5A03-4D1A-AB7F-1097463CB01B}.Release|Any CPU.Build.0 = Release|Any CPU
		{1E725AB0-7ED7-4C7B-996E-F888CCF91255}.Debug|Any CPU.ActiveCfg = Debug|Any CPU
		{1E725AB0-7ED7-4C7B-996E-F888CCF91255}.Debug|Any CPU.Build.0 = Debug|Any CPU
		{1E725AB0-7ED7-4C7B-996E-F888CCF91255}.Release|Any CPU.ActiveCfg = Release|Any CPU
		{1E725AB0-7ED7-4C7B-996E-F888CCF91255}.Release|Any CPU.Build.0 = Release|Any CPU
		{D8B4E052-98DB-403C-A552-A3AE1D5306EA}.Debug|Any CPU.ActiveCfg = Debug|Any CPU
		{D8B4E052-98DB-403C-A552-A3AE1D5306EA}.Debug|Any CPU.Build.0 = Debug|Any CPU
		{D8B4E052-98DB-403C-A552-A3AE1D5306EA}.Release|Any CPU.ActiveCfg = Release|Any CPU
		{D8B4E052-98DB-403C-A552-A3AE1D5306EA}.Release|Any CPU.Build.0 = Release|Any CPU
		{5DE6AA24-868C-4D4C-A450-738A1F9C4B48}.Debug|Any CPU.ActiveCfg = Debug|Any CPU
		{5DE6AA24-868C-4D4C-A450-738A1F9C4B48}.Debug|Any CPU.Build.0 = Debug|Any CPU
		{5DE6AA24-868C-4D4C-A450-738A1F9C4B48}.Release|Any CPU.ActiveCfg = Release|Any CPU
		{5DE6AA24-868C-4D4C-A450-738A1F9C4B48}.Release|Any CPU.Build.0 = Release|Any CPU
	EndGlobalSection
	GlobalSection(SolutionProperties) = preSolution
		HideSolutionNode = FALSE
	EndGlobalSection
	GlobalSection(ExtensibilityGlobals) = postSolution
		SolutionGuid = {E0AED2EB-13AA-405A-8246-7CBF5AA053B6}
	EndGlobalSection
EndGlobal
